
Microsoft Visual Studio Solution File, Format Version 12.00
# Visual Studio Version 17
VisualStudioVersion = 17.0.31903.59
MinimumVisualStudioVersion = 10.0.40219.1
Project("{FAE04EC0-301F-11D3-BF4B-00C04F79EFBC}") = "Console2Lce", "Console2Lce.csproj", "{722557D2-22CD-4DA7-8A68-9E3E41DD08C4}"
EndProject
Project("{FAE04EC0-301F-11D3-BF4B-00C04F79EFBC}") = "Console2Lce.Cli", "Console2Lce.Cli\Console2Lce.Cli.csproj", "{6C4B0BFA-BC8C-4BAD-BE5D-F43798946F12}"
EndProject
Project("{2150E333-8FDC-42A3-9474-1A3956D46DE8}") = "tests", "tests", "{FE6457EB-6130-472F-AA7D-86700AB7A0E8}"
EndProject
Project("{FAE04EC0-301F-11D3-BF4B-00C04F79EFBC}") = "Console2Lce.Tests", "tests\Console2Lce.Tests\Console2Lce.Tests.csproj", "{D77F5706-4236-4F91-AF55-3BA6BDB25AB2}"
EndProject
Global
	GlobalSection(SolutionConfigurationPlatforms) = preSolution
		Debug|Any CPU = Debug|Any CPU
		Release|Any CPU = Release|Any CPU
	EndGlobalSection
	GlobalSection(SolutionProperties) = preSolution
		HideSolutionNode = FALSE
	EndGlobalSection
	GlobalSection(ProjectConfigurationPlatforms) = postSolution
		{722557D2-22CD-4DA7-8A68-9E3E41DD08C4}.Debug|Any CPU.ActiveCfg = Debug|Any CPU
		{722557D2-22CD-4DA7-8A68-9E3E41DD08C4}.Debug|Any CPU.Build.0 = Debug|Any CPU
		{722557D2-22CD-4DA7-8A68-9E3E41DD08C4}.Release|Any CPU.ActiveCfg = Release|Any CPU
		{722557D2-22CD-4DA7-8A68-9E3E41DD08C4}.Release|Any CPU.Build.0 = Release|Any CPU
		{6C4B0BFA-BC8C-4BAD-BE5D-F43798946F12}.Debug|Any CPU.ActiveCfg = Debug|Any CPU
		{6C4B0BFA-BC8C-4BAD-BE5D-F43798946F12}.Debug|Any CPU.Build.0 = Debug|Any CPU
		{6C4B0BFA-BC8C-4BAD-BE5D-F43798946F12}.Release|Any CPU.ActiveCfg = Release|Any CPU
		{6C4B0BFA-BC8C-4BAD-BE5D-F43798946F12}.Release|Any CPU.Build.0 = Release|Any CPU
		{D77F5706-4236-4F91-AF55-3BA6BDB25AB2}.Debug|Any CPU.ActiveCfg = Debug|Any CPU
		{D77F5706-4236-4F91-AF55-3BA6BDB25AB2}.Debug|Any CPU.Build.0 = Debug|Any CPU
		{D77F5706-4236-4F91-AF55-3BA6BDB25AB2}.Release|Any CPU.ActiveCfg = Release|Any CPU
		{D77F5706-4236-4F91-AF55-3BA6BDB25AB2}.Release|Any CPU.Build.0 = Release|Any CPU
	EndGlobalSection
	GlobalSection(NestedProjects) = preSolution
		{D77F5706-4236-4F91-AF55-3BA6BDB25AB2} = {FE6457EB-6130-472F-AA7D-86700AB7A0E8}
	EndGlobalSection
EndGlobal
